
Microsoft Visual Studio Solution File, Format Version 12.00
# Visual Studio Version 16
VisualStudioVersion = 16.0.30503.244
MinimumVisualStudioVersion = 10.0.40219.1
Project("{FAE04EC0-301F-11D3-BF4B-00C04F79EFBC}") = "WebApplication2", "WebApplication2\WebApplication2.csproj", "{4AD9F912-134C-499F-80FE-76ABAC44DD8B}"
EndProject
Global
	GlobalSection(SolutionConfigurationPlatforms) = preSolution
		Debug|Any CPU = Debug|Any CPU
		Release|Any CPU = Release|Any CPU
	EndGlobalSection
	GlobalSection(ProjectConfigurationPlatforms) = postSolution
		{4AD9F912-134C-499F-80FE-76ABAC44DD8B}.Debug|Any CPU.ActiveCfg = Debug|Any CPU
		{4AD9F912-134C-499F-80FE-76ABAC44DD8B}.Debug|Any CPU.Build.0 = Debug|Any CPU
		{4AD9F912-134C-499F-80FE-76ABAC44DD8B}.Release|Any CPU.ActiveCfg = Release|Any CPU
		{4AD9F912-134C-499F-80FE-76ABAC44DD8B}.Release|Any CPU.Build.0 = Release|Any CPU
	EndGlobalSection
	GlobalSection(SolutionProperties) = preSolution
		HideSolutionNode = FALSE
	EndGlobalSection
	GlobalSection(ExtensibilityGlobals) = postSolution
		SolutionGuid = {696220B5-0061-4E9B-B43E-BE86E70CD1A0}
	EndGlobalSection
EndGlobal
